
Microsoft Visual Studio Solution File, Format Version 12.00
Project("{2150E333-8FDC-42A3-9474-1A3956D46DE8}") = "src", "src", "{E4AA7BDE-5663-408D-8C51-B40AE972E961}"
EndProject
Project("{FAE04EC0-301F-11D3-BF4B-00C04F79EFBC}") = "DirectoryService.Domain", "DirectoryService.Domain\DirectoryService.Domain.csproj", "{2B6EFF3C-3CF4-41F6-903A-1C4F846EE26F}"
EndProject
Project("{FAE04EC0-301F-11D3-BF4B-00C04F79EFBC}") = "DirectoryService.Application", "DirectoryService.Application\DirectoryService.Application.csproj", "{B9E240DC-6683-44CB-AACA-44CC2302A32E}"
EndProject
Project("{FAE04EC0-301F-11D3-BF4B-00C04F79EFBC}") = "DirectoryService.Infrastructure", "DirectoryService.Infrastructure\DirectoryService.Infrastructure.csproj", "{BAFE00E3-E971-415C-BC50-A56E0FAF651F}"
EndProject
Project("{FAE04EC0-301F-11D3-BF4B-00C04F79EFBC}") = "DirectoryService.Presentation", "DirectoryService.Presentation\DirectoryService.Presentation.csproj", "{CFFC1B78-DC6F-41D0-A839-4CFD62661C3D}"
EndProject
Project("{FAE04EC0-301F-11D3-BF4B-00C04F79EFBC}") = "DirectoryService.Contracts", "DirectoryService.Contracts\DirectoryService.Contracts.csproj", "{1EFFA806-CDEE-4BDE-A17E-7AEA049819E8}"
EndProject
Project("{FAE04EC0-301F-11D3-BF4B-00C04F79EFBC}") = "Shared", "Shared\Shared.csproj", "{FD2CE9CA-0121-44F1-A6A6-E1942AA6FBE6}"
EndProject
Global
	GlobalSection(SolutionConfigurationPlatforms) = preSolution
		Debug|Any CPU = Debug|Any CPU
		Release|Any CPU = Release|Any CPU
	EndGlobalSection
	GlobalSection(ProjectConfigurationPlatforms) = postSolution
		{2B6EFF3C-3CF4-41F6-903A-1C4F846EE26F}.Debug|Any CPU.ActiveCfg = Debug|Any CPU
		{2B6EFF3C-3CF4-41F6-903A-1C4F846EE26F}.Debug|Any CPU.Build.0 = Debug|Any CPU
		{2B6EFF3C-3CF4-41F6-903A-1C4F846EE26F}.Release|Any CPU.ActiveCfg = Release|Any CPU
		{2B6EFF3C-3CF4-41F6-903A-1C4F846EE26F}.Release|Any CPU.Build.0 = Release|Any CPU
		{B9E240DC-6683-44CB-AACA-44CC2302A32E}.Debug|Any CPU.ActiveCfg = Debug|Any CPU
		{B9E240DC-6683-44CB-AACA-44CC2302A32E}.Debug|Any CPU.Build.0 = Debug|Any CPU
		{B9E240DC-6683-44CB-AACA-44CC2302A32E}.Release|Any CPU.ActiveCfg = Release|Any CPU
		{B9E240DC-6683-44CB-AACA-44CC2302A32E}.Release|Any CPU.Build.0 = Release|Any CPU
		{BAFE00E3-E971-415C-BC50-A56E0FAF651F}.Debug|Any CPU.ActiveCfg = Debug|Any CPU
		{BAFE00E3-E971-415C-BC50-A56E0FAF651F}.Debug|Any CPU.Build.0 = Debug|Any CPU
		{BAFE00E3-E971-415C-BC50-A56E0FAF651F}.Release|Any CPU.ActiveCfg = Release|Any CPU
		{BAFE00E3-E971-415C-BC50-A56E0FAF651F}.Release|Any CPU.Build.0 = Release|Any CPU
		{CFFC1B78-DC6F-41D0-A839-4CFD62661C3D}.Debug|Any CPU.ActiveCfg = Debug|Any CPU
		{CFFC1B78-DC6F-41D0-A839-4CFD62661C3D}.Debug|Any CPU.Build.0 = Debug|Any CPU
		{CFFC1B78-DC6F-41D0-A839-4CFD62661C3D}.Release|Any CPU.ActiveCfg = Release|Any CPU
		{CFFC1B78-DC6F-41D0-A839-4CFD62661C3D}.Release|Any CPU.Build.0 = Release|Any CPU
		{1EFFA806-CDEE-4BDE-A17E-7AEA049819E8}.Debug|Any CPU.ActiveCfg = Debug|Any CPU
		{1EFFA806-CDEE-4BDE-A17E-7AEA049819E8}.Debug|Any CPU.Build.0 = Debug|Any CPU
		{1EFFA806-CDEE-4BDE-A17E-7AEA049819E8}.Release|Any CPU.ActiveCfg = Release|Any CPU
		{1EFFA806-CDEE-4BDE-A17E-7AEA049819E8}.Release|Any CPU.Build.0 = Release|Any CPU
		{FD2CE9CA-0121-44F1-A6A6-E1942AA6FBE6}.Debug|Any CPU.ActiveCfg = Debug|Any CPU
		{FD2CE9CA-0121-44F1-A6A6-E1942AA6FBE6}.Debug|Any CPU.Build.0 = Debug|Any CPU
		{FD2CE9CA-0121-44F1-A6A6-E1942AA6FBE6}.Release|Any CPU.ActiveCfg = Release|Any CPU
		{FD2CE9CA-0121-44F1-A6A6-E1942AA6FBE6}.Release|Any CPU.Build.0 = Release|Any CPU
	EndGlobalSection
	GlobalSection(SolutionProperties) = preSolution
		HideSolutionNode = FALSE
	EndGlobalSection
	GlobalSection(NestedProjects) = preSolution
		{2B6EFF3C-3CF4-41F6-903A-1C4F846EE26F} = {E4AA7BDE-5663-408D-8C51-B40AE972E961}
		{B9E240DC-6683-44CB-AACA-44CC2302A32E} = {E4AA7BDE-5663-408D-8C51-B40AE972E961}
		{BAFE00E3-E971-415C-BC50-A56E0FAF651F} = {E4AA7BDE-5663-408D-8C51-B40AE972E961}
		{CFFC1B78-DC6F-41D0-A839-4CFD62661C3D} = {E4AA7BDE-5663-408D-8C51-B40AE972E961}
		{1EFFA806-CDEE-4BDE-A17E-7AEA049819E8} = {E4AA7BDE-5663-408D-8C51-B40AE972E961}
		{FD2CE9CA-0121-44F1-A6A6-E1942AA6FBE6} = {E4AA7BDE-5663-408D-8C51-B40AE972E961}
	EndGlobalSection
EndGlobal
